lockfileVersion: '9.0'

settings:
  autoInstallPeers: true
  excludeLinksFromLockfile: false

importers:

  .:
    dependencies:
      '@msgpack/msgpack':
        specifier: ^3.1.3
        version: 3.1.3
      agentmail:
        specifier: ^0.2.11
        version: 0.2.11

packages:

  '@msgpack/msgpack@3.1.3':
    resolution: {integrity: sha512-47XIizs9XZXvuJgoaJUIE2lFoID8ugvc0jzSHP+Ptfk8nTbnR8g788wv48N03Kx0UkAv559HWRQ3yzOgzlRNUA==}
    engines: {node: '>= 18'}

  agentmail@0.2.11:
    resolution: {integrity: sha512-S3uirKtymfUewpvta5gAKyAh1XxBIJtUtEPKiemtJTD0iasz/j4IvnxvDX7wNa9ETgyF5jMiAK7j2h9WiE2Uyw==}
    engines: {node: '>=18.0.0'}

  ws@8.19.0:
    resolution: {integrity: sha512-blAT2mjOEIi0ZzruJfIhb3nps74PRWTCz1IjglWEEpQl5XS/UNama6u2/rjFkDDouqr4L67ry+1aGIALViWjDg==}
    engines: {node: '>=10.0.0'}
    peerDependencies:
      bufferutil: ^4.0.1
      utf-8-validate: '>=5.0.2'
    peerDependenciesMeta:
      bufferutil:
        optional: true
      utf-8-validate:
        optional: true

snapshots:

  '@msgpack/msgpack@3.1.3': {}

  agentmail@0.2.11:
    dependencies:
      ws: 8.19.0
    transitivePeerDependencies:
      - bufferutil
      - utf-8-validate

  ws@8.19.0: {}
